
Microsoft Visual Studio Solution File, Format Version 12.00
# Visual Studio Version 17
VisualStudioVersion = 17.5.33414.496
MinimumVisualStudioVersion = 10.0.40219.1
Project("{FAE04EC0-301F-11D3-BF4B-00C04F79EFBC}") = "AddressBookSQL", "AddressBookSQL.csproj", "{776D7840-CACA-48A8-81DF-40697F5F31AD}"
EndProject
Global
	GlobalSection(SolutionConfigurationPlatforms) = preSolution
		Debug|Any CPU = Debug|Any CPU
		Release|Any CPU = Release|Any CPU
	EndGlobalSection
	GlobalSection(ProjectConfigurationPlatforms) = postSolution
		{776D7840-CACA-48A8-81DF-40697F5F31AD}.Debug|Any CPU.ActiveCfg = Debug|Any CPU
		{776D7840-CACA-48A8-81DF-40697F5F31AD}.Debug|Any CPU.Build.0 = Debug|Any CPU
		{776D7840-CACA-48A8-81DF-40697F5F31AD}.Release|Any CPU.ActiveCfg = Release|Any CPU
		{776D7840-CACA-48A8-81DF-40697F5F31AD}.Release|Any CPU.Build.0 = Release|Any CPU
	EndGlobalSection
	GlobalSection(SolutionProperties) = preSolution
		HideSolutionNode = FALSE
	EndGlobalSection
	GlobalSection(ExtensibilityGlobals) = postSolution
		SolutionGuid = {A80CA947-50DE-4B9A-9045-320E8313CF1E}
	EndGlobalSection
EndGlobal
